
Microsoft Visual Studio Solution File, Format Version 12.00
# Visual Studio 15
VisualStudioVersion = 15.0.28010.0
MinimumVisualStudioVersion = 10.0.40219.1
Project("{FAE04EC0-301F-11D3-BF4B-00C04F79EFBC}") = "GameLogic", "GameLogic\GameLogic.csproj", "{76B85E1B-1EBC-4A44-9116-51179DD3BE56}"
EndProject
Project("{FAE04EC0-301F-11D3-BF4B-00C04F79EFBC}") = "GameUI", "GameUI\GameUI.csproj", "{68ACEC2C-FAEE-4608-85DF-EE476A0BF30F}"
EndProject
Global
	GlobalSection(SolutionConfigurationPlatforms) = preSolution
		Debug|Any CPU = Debug|Any CPU
		Release|Any CPU = Release|Any CPU
	EndGlobalSection
	GlobalSection(ProjectConfigurationPlatforms) = postSolution
		{76B85E1B-1EBC-4A44-9116-51179DD3BE56}.Debug|Any CPU.ActiveCfg = Debug|Any CPU
		{76B85E1B-1EBC-4A44-9116-51179DD3BE56}.Debug|Any CPU.Build.0 = Debug|Any CPU
		{76B85E1B-1EBC-4A44-9116-51179DD3BE56}.Release|Any CPU.ActiveCfg = Release|Any CPU
		{76B85E1B-1EBC-4A44-9116-51179DD3BE56}.Release|Any CPU.Build.0 = Release|Any CPU
		{68ACEC2C-FAEE-4608-85DF-EE476A0BF30F}.Debug|Any CPU.ActiveCfg = Debug|Any CPU
		{68ACEC2C-FAEE-4608-85DF-EE476A0BF30F}.Debug|Any CPU.Build.0 = Debug|Any CPU
		{68ACEC2C-FAEE-4608-85DF-EE476A0BF30F}.Release|Any CPU.ActiveCfg = Release|Any CPU
		{68ACEC2C-FAEE-4608-85DF-EE476A0BF30F}.Release|Any CPU.Build.0 = Release|Any CPU
	EndGlobalSection
	GlobalSection(SolutionProperties) = preSolution
		HideSolutionNode = FALSE
	EndGlobalSection
	GlobalSection(ExtensibilityGlobals) = postSolution
		SolutionGuid = {A5F695D5-FEBA-4C5A-AFD2-15857D22A399}
	EndGlobalSection
EndGlobal
